
Microsoft Visual Studio Solution File, Format Version 12.00
# Visual Studio Version 17
VisualStudioVersion = 17.14.36408.4 d17.14
MinimumVisualStudioVersion = 10.0.40219.1
Project("{FAE04EC0-301F-11D3-BF4B-00C04F79EFBC}") = "WindowsSnake", "WindowsSnake.csproj", "{2497B29B-1634-4BCF-84B8-FD3CBF2823F8}"
EndProject
Global
	GlobalSection(SolutionConfigurationPlatforms) = preSolution
		Debug|Any CPU = Debug|Any CPU
		Release|Any CPU = Release|Any CPU
	EndGlobalSection
	GlobalSection(ProjectConfigurationPlatforms) = postSolution
		{2497B29B-1634-4BCF-84B8-FD3CBF2823F8}.Debug|Any CPU.ActiveCfg = Debug|Any CPU
		{2497B29B-1634-4BCF-84B8-FD3CBF2823F8}.Debug|Any CPU.Build.0 = Debug|Any CPU
		{2497B29B-1634-4BCF-84B8-FD3CBF2823F8}.Release|Any CPU.ActiveCfg = Release|Any CPU
		{2497B29B-1634-4BCF-84B8-FD3CBF2823F8}.Release|Any CPU.Build.0 = Release|Any CPU
	EndGlobalSection
	GlobalSection(SolutionProperties) = preSolution
		HideSolutionNode = FALSE
	EndGlobalSection
	GlobalSection(ExtensibilityGlobals) = postSolution
		SolutionGuid = {DCB4AC60-7401-4757-984D-E7CFD88D798B}
	EndGlobalSection
EndGlobal
